// !$*UTF8*$!
{
	archiveVersion = 1;
	classes = {
	};
	objectVersion = 46;
	objects = {

/* Begin PBXBuildFile section */
		CEE4B9821CE40D1B00C8017E /* main.m in Sources */ = {isa = PBXBuildFile; fileRef = CEE4B9811CE40D1B00C8017E /* main.m */; };
		CEE4B98A1CE40D6600C8017E /* MyClass.m in Sources */ = {isa = PBXBuildFile; fileRef = CEE4B9891CE40D6600C8017E /* MyClass.m */; };
/* End PBXBuildFile section */

/* Begin PBXCopyFilesBuildPhase section */
		CEE4B97C1CE40D1B00C8017E /* CopyFiles */ = {
			isa = PBXCopyFilesBuildPhase;
			buildActionMask = 2147483647;
			dstPath = /usr/share/man/man1/;
			dstSubfolderSpec = 0;
			files = (
			);
			runOnlyForDeploymentPostprocessing = 1;
		};
/* End PBXCopyFilesBuildPhase section */

/* Begin PBXFileReference section */
		CEE4B97E1CE40D1B00C8017E /* 20160512 */ = {isa = PBXFileReference; explicitFileType = "compiled.mach-o.executable"; includeInIndex = 0; path = 20160512; sourceTree = BUILT_PRODUCTS_DIR; };
		CEE4B9811CE40D1B00C8017E /* main.m */ = {isa = PBXFileReference; lastKnownFileType = sourcecode.c.objc; path = main.m; sourceTree = "<group>"; };
		CEE4B9881CE40D6600C8017E /* MyClass.h */ = {isa = PBXFileReference; fileEncoding = 4; lastKnownFileType = sourcecode.c.h; path = MyClass.h; sourceTree = "<group>"; };
		CEE4B9891CE40D6600C8017E /* MyClass.m */ = {isa = PBXFileReference; fileEncoding = 4; lastKnownFileType = sourcecode.c.objc; path = MyClass.m; sourceTree = "<group>"; };
/* End PBXFileReference section */

/* Begin PBXFrameworksBuildPhase section */
		CEE4B97B1CE40D1B00C8017E /* Frameworks */ = {
			isa = PBXFrameworksBuildPhase;
			buildActionMask = 2147483647;
			files = (
			);
			runOnlyForDeploymentPostprocessing = 0;
		};
/* End PBXFrameworksBuildPhase section */

/* Begin PBXGroup section */
		CEE4B9751CE40D1B00C8017E = {
			isa = PBXGroup;
			children = (
				CEE4B9801CE40D1B00C8017E /* 20160512 */,
				CEE4B97F1CE40D1B00C8017E /* Products */,
			);
			sourceTree = "<group>";
		};
		CEE4B97F1CE40D1B00C8017E /* Products */ = {
			isa = PBXGroup;
			children = (
				CEE4B97E1CE40D1B00C8017E /* 20160512 */,
			);
			name = Products;
			sourceTree = "<group>";
		};
		CEE4B9801CE40D1B00C8017E /* 20160512 */ = {
			isa = PBXGroup;
			children = (
				CEE4B9811CE40D1B00C8017E /* main.m */,
				CEE4B9881CE40D6600C8017E /* MyClass.h */,
				CEE4B9891CE40D6600C8017E /* MyClass.m */,
			);
			path = 20160512;
			sourceTree = "<group>";
		};
/* End PBXGroup section */

/* Begin PBXNativeTarget section */
		CEE4B97D1CE40D1B00C8017E /* 20160512 */ = {
			isa = PBXNativeTarget;
			buildConfigurationList = CEE4B9851CE40D1B00C8017E /* Build configuration list for PBXNativeTarget "20160512" */;
			buildPhases = (
				CEE4B97A1CE40D1B00C8017E /* Sources */,
				CEE4B97B1CE40D1B00C8017E /* Frameworks */,
				CEE4B97C1CE40D1B00C8017E /* CopyFiles */,
			);
			buildRules = (
			);
			dependencies = (
			);
			name = 20160512;
			productName = 20160512;
			productReference = CEE4B97E1CE40D1B00C8017E /* 20160512 */;
			productType = "com.apple.product-type.tool";
		};
/* End PBXNativeTarget section */

/* Begin PBXProject section */
		CEE4B9761CE40D1B00C8017E /* Project object */ = {
			isa = PBXProject;
			attributes = {
				LastUpgradeCheck = 0730;
				ORGANIZATIONNAME = Shin;
				TargetAttributes = {
					CEE4B97D1CE40D1B00C8017E = {
						CreatedOnToolsVersion = 7.3;
					};
				};
			};
			buildConfigurationList = CEE4B9791CE40D1B00C8017E /* Build configuration list for PBXProject "20160512" */;
			compatibilityVersion = "Xcode 3.2";
			developmentRegion = English;
			hasScannedForEncodings = 0;
			knownRegions = (
				en,
			);
			mainGroup = CEE4B9751CE40D1B00C8017E;
			productRefGroup = CEE4B97F1CE40D1B00C8017E /* Products */;
			projectDirPath = "";
			projectRoot = "";
			targets = (
				CEE4B97D1CE40D1B00C8017E /* 20160512 */,
			);
		};
/* End PBXProject section */

/* Begin PBXSourcesBuildPhase section */
		CEE4B97A1CE40D1B00C8017E /* Sources */ = {
			isa = PBXSourcesBuildPhase;
			buildActionMask = 2147483647;
			files = (
				CEE4B98A1CE40D6600C8017E /* MyClass.m in Sources */,
				CEE4B9821CE40D1B00C8017E /* main.m in Sources */,
			);
			runOnlyForDeploymentPostprocessing = 0;
		};
/* End PBXSourcesBuildPhase section */

/* Begin XCBuildConfiguration section */
		CEE4B9831CE40D1B00C8017E /* Debug */ = {
			isa = XCBuildConfiguration;
			buildSettings = {
				ALWAYS_SEARCH_USER_PATHS = NO;
				CLANG_ANALYZER_NONNULL = YES;
				CLANG_CXX_LANGUAGE_STANDARD = "gnu++0x";
				CLANG_CXX_LIBRARY = "libc++";
				CLANG_ENABLE_MODULES = YES;
				CLANG_ENABLE_OBJC_ARC = YES;
				CLANG_WARN_BOOL_CONVERSION = YES;
				CLANG_WARN_CONSTANT_CONVERSION = YES;
				CLANG_WARN_DIRECT_OBJC_ISA_USAGE = YES_ERROR;
				CLANG_WARN_EMPTY_BODY = YES;
				CLANG_WARN_ENUM_CONVERSION = YES;
				CLANG_WARN_INT_CONVERSION = YES;
				CLANG_WARN_OBJC_ROOT_CLASS = YES_ERROR;
				CLANG_WARN_UNREACHABLE_CODE = YES;
				CLANG_WARN__DUPLICATE_METHOD_MATCH = YES;
				CODE_SIGN_IDENTITY = "-";
				COPY_PHASE_STRIP = NO;
				DEBUG_INFORMATION_FORMAT = dwarf;
				ENABLE_STRICT_OBJC_MSGSEND = YES;
				ENABLE_TESTABILITY = YES;
				GCC_C_LANGUAGE_STANDARD = gnu99;
				GCC_DYNAMIC_NO_PIC = NO;
				GCC_NO_COMMON_BLOCKS = YES;
				GCC_OPTIMIZATION_LEVEL = 0;
				GCC_PREPROCESSOR_DEFINITIONS = (
					"DEBUG=1",
					"$(inherited)",
				);
				GCC_WARN_64_TO_32_BIT_CONVERSION = YES;
				GCC_WARN_ABOUT_RETURN_TYPE = YES_ERROR;
				GCC_WARN_UNDECLARED_SELECTOR = YES;
				GCC_WARN_UNINITIALIZED_AUTOS = YES_AGGRESSIVE;
				GCC_WARN_UNUSED_FUNCTION = YES;
				GCC_WARN_UNUSED_VARIABLE = YES;
				MACOSX_DEPLOYMENT_TARGET = 10.11;
				MTL_ENABLE_DEBUG_INFO = YES;
				ONLY_ACTIVE_ARCH = YES;
				SDKROOT = macosx;
			};
			name = Debug;
		};
		CEE4B9841CE40D1B00C8017E /* Release */ = {
			isa = XCBuildConfiguration;
			buildSettings = {
				ALWAYS_SEARCH_USER_PATHS = NO;
				CLANG_ANALYZER_NONNULL = YES;
				CLANG_CXX_LANGUAGE_STANDARD = "gnu++0x";
				CLANG_CXX_LIBRARY = "libc++";
				CLANG_ENABLE_MODULES = YES;
				CLANG_ENABLE_OBJC_ARC = YES;
				CLANG_WARN_BOOL_CONVERSION = YES;
				CLANG_WARN_CONSTANT_CONVERSION = YES;
				CLANG_WARN_DIRECT_OBJC_ISA_USAGE = YES_ERROR;
				CLANG_WARN_EMPTY_BODY = YES;
				CLANG_WARN_ENUM_CONVERSION = YES;
				CLANG_WARN_INT_CONVERSION = YES;
				CLANG_WARN_OBJC_ROOT_CLASS = YES_ERROR;
				CLANG_WARN_UNREACHABLE_CODE = YES;
				CLANG_WARN__DUPLICATE_METHOD_MATCH = YES;
				CODE_SIGN_IDENTITY = "-";
				COPY_PHASE_STRIP = NO;
				DEBUG_INFORMATION_FORMAT = "dwarf-with-dsym";
				ENABLE_NS_ASSERTIONS = NO;
				ENABLE_STRICT_OBJC_MSGSEND = YES;
				GCC_C_LANGUAGE_STANDARD = gnu99;
				GCC_NO_COMMON_BLOCKS = YES;
				GCC_WARN_64_TO_32_BIT_CONVERSION = YES;
				GCC_WARN_ABOUT_RETURN_TYPE = YES_ERROR;
				GCC_WARN_UNDECLARED_SELECTOR = YES;
				GCC_WARN_UNINITIALIZED_AUTOS = YES_AGGRESSIVE;
				GCC_WARN_UNUSED_FUNCTION = YES;
				GCC_WARN_UNUSED_VARIABLE = YES;
				MACOSX_DEPLOYMENT_TARGET = 10.11;
				MTL_ENABLE_DEBUG_INFO = NO;
				SDKROOT = macosx;
			};
			name = Release;
		};
		CEE4B9861CE40D1B00C8017E /* Debug */ = {
			isa = XCBuildConfiguration;
			buildSettings = {
				PRODUCT_NAME = "$(TARGET_NAME)";
			};
			name = Debug;
		};
		CEE4B9871CE40D1B00C8017E /* Release */ = {
			isa = XCBuildConfiguration;
			buildSettings = {
				PRODUCT_NAME = "$(TARGET_NAME)";
			};
			name = Release;
		};
/* End XCBuildConfiguration section */

/* Begin XCConfigurationList section */
		CEE4B9791CE40D1B00C8017E /* Build configuration list for PBXProject "20160512" */ = {
			isa = XCConfigurationList;
			buildConfigurations = (
				CEE4B9831CE40D1B00C8017E /* Debug */,
				CEE4B9841CE40D1B00C8017E /* Release */,
			);
			defaultConfigurationIsVisible = 0;
			defaultConfigurationName = Release;
		};
		CEE4B9851CE40D1B00C8017E /* Build configuration list for PBXNativeTarget "20160512" */ = {
			isa = XCConfigurationList;
			buildConfigurations = (
				CEE4B9861CE40D1B00C8017E /* Debug */,
				CEE4B9871CE40D1B00C8017E /* Release */,
			);
			defaultConfigurationIsVisible = 0;
		};
/* End XCConfigurationList section */
	};
	rootObject = CEE4B9761CE40D1B00C8017E /* Project object */;
}
