// !$*UTF8*$!
{
	archiveVersion = 1;
	classes = {
	};
	objectVersion = 46;
	objects = {

/* Begin PBXBuildFile section */
		CEDD54A51CE05BAB00284988 /* main.m in Sources */ = {isa = PBXBuildFile; fileRef = CEDD54A41CE05BAB00284988 /* main.m */; };
		CEDD54A81CE05BAB00284988 /* AppDelegate.m in Sources */ = {isa = PBXBuildFile; fileRef = CEDD54A71CE05BAB00284988 /* AppDelegate.m */; };
		CEDD54AB1CE05BAB00284988 /* ViewController.m in Sources */ = {isa = PBXBuildFile; fileRef = CEDD54AA1CE05BAB00284988 /* ViewController.m */; };
		CEDD54AE1CE05BAB00284988 /* Main.storyboard in Resources */ = {isa = PBXBuildFile; fileRef = CEDD54AC1CE05BAB00284988 /* Main.storyboard */; };
		CEDD54B01CE05BAB00284988 /* Assets.xcassets in Resources */ = {isa = PBXBuildFile; fileRef = CEDD54AF1CE05BAB00284988 /* Assets.xcassets */; };
		CEDD54B31CE05BAB00284988 /* LaunchScreen.storyboard in Resources */ = {isa = PBXBuildFile; fileRef = CEDD54B11CE05BAB00284988 /* LaunchScreen.storyboard */; };
/* End PBXBuildFile section */

/* Begin PBXFileReference section */
		CEDD54A01CE05BAB00284988 /* test.app */ = {isa = PBXFileReference; explicitFileType = wrapper.application; includeInIndex = 0; path = test.app; sourceTree = BUILT_PRODUCTS_DIR; };
		CEDD54A41CE05BAB00284988 /* main.m */ = {isa = PBXFileReference; lastKnownFileType = sourcecode.c.objc; path = main.m; sourceTree = "<group>"; };
		CEDD54A61CE05BAB00284988 /* AppDelegate.h */ = {isa = PBXFileReference; lastKnownFileType = sourcecode.c.h; path = AppDelegate.h; sourceTree = "<group>"; };
		CEDD54A71CE05BAB00284988 /* AppDelegate.m */ = {isa = PBXFileReference; lastKnownFileType = sourcecode.c.objc; path = AppDelegate.m; sourceTree = "<group>"; };
		CEDD54A91CE05BAB00284988 /* ViewController.h */ = {isa = PBXFileReference; lastKnownFileType = sourcecode.c.h; path = ViewController.h; sourceTree = "<group>"; };
		CEDD54AA1CE05BAB00284988 /* ViewController.m */ = {isa = PBXFileReference; lastKnownFileType = sourcecode.c.objc; path = ViewController.m; sourceTree = "<group>"; };
		CEDD54AD1CE05BAB00284988 /* Base */ = {isa = PBXFileReference; lastKnownFileType = file.storyboard; name = Base; path = Base.lproj/Main.storyboard; sourceTree = "<group>"; };
		CEDD54AF1CE05BAB00284988 /* Assets.xcassets */ = {isa = PBXFileReference; lastKnownFileType = folder.assetcatalog; path = Assets.xcassets; sourceTree = "<group>"; };
		CEDD54B21CE05BAB00284988 /* Base */ = {isa = PBXFileReference; lastKnownFileType = file.storyboard; name = Base; path = Base.lproj/LaunchScreen.storyboard; sourceTree = "<group>"; };
		CEDD54B41CE05BAB00284988 /* Info.plist */ = {isa = PBXFileReference; lastKnownFileType = text.plist.xml; path = Info.plist; sourceTree = "<group>"; };
/* End PBXFileReference section */

/* Begin PBXFrameworksBuildPhase section */
		CEDD549D1CE05BAB00284988 /* Frameworks */ = {
			isa = PBXFrameworksBuildPhase;
			buildActionMask = 2147483647;
			files = (
			);
			runOnlyForDeploymentPostprocessing = 0;
		};
/* End PBXFrameworksBuildPhase section */

/* Begin PBXGroup section */
		CEDD54971CE05BAB00284988 = {
			isa = PBXGroup;
			children = (
				CEDD54A21CE05BAB00284988 /* test */,
				CEDD54A11CE05BAB00284988 /* Products */,
			);
			sourceTree = "<group>";
		};
		CEDD54A11CE05BAB00284988 /* Products */ = {
			isa = PBXGroup;
			children = (
				CEDD54A01CE05BAB00284988 /* test.app */,
			);
			name = Products;
			sourceTree = "<group>";
		};
		CEDD54A21CE05BAB00284988 /* test */ = {
			isa = PBXGroup;
			children = (
				CEDD54A61CE05BAB00284988 /* AppDelegate.h */,
				CEDD54A71CE05BAB00284988 /* AppDelegate.m */,
				CEDD54A91CE05BAB00284988 /* ViewController.h */,
				CEDD54AA1CE05BAB00284988 /* ViewController.m */,
				CEDD54AC1CE05BAB00284988 /* Main.storyboard */,
				CEDD54AF1CE05BAB00284988 /* Assets.xcassets */,
				CEDD54B11CE05BAB00284988 /* LaunchScreen.storyboard */,
				CEDD54B41CE05BAB00284988 /* Info.plist */,
				CEDD54A31CE05BAB00284988 /* Supporting Files */,
			);
			path = test;
			sourceTree = "<group>";
		};
		CEDD54A31CE05BAB00284988 /* Supporting Files */ = {
			isa = PBXGroup;
			children = (
				CEDD54A41CE05BAB00284988 /* main.m */,
			);
			name = "Supporting Files";
			sourceTree = "<group>";
		};
/* End PBXGroup section */

/* Begin PBXNativeTarget section */
		CEDD549F1CE05BAB00284988 /* test */ = {
			isa = PBXNativeTarget;
			buildConfigurationList = CEDD54B71CE05BAB00284988 /* Build configuration list for PBXNativeTarget "test" */;
			buildPhases = (
				CEDD549C1CE05BAB00284988 /* Sources */,
				CEDD549D1CE05BAB00284988 /* Frameworks */,
				CEDD549E1CE05BAB00284988 /* Resources */,
			);
			buildRules = (
			);
			dependencies = (
			);
			name = test;
			productName = test;
			productReference = CEDD54A01CE05BAB00284988 /* test.app */;
			productType = "com.apple.product-type.application";
		};
/* End PBXNativeTarget section */

/* Begin PBXProject section */
		CEDD54981CE05BAB00284988 /* Project object */ = {
			isa = PBXProject;
			attributes = {
				LastUpgradeCheck = 0730;
				ORGANIZATIONNAME = Shin;
				TargetAttributes = {
					CEDD549F1CE05BAB00284988 = {
						CreatedOnToolsVersion = 7.3;
					};
				};
			};
			buildConfigurationList = CEDD549B1CE05BAB00284988 /* Build configuration list for PBXProject "test" */;
			compatibilityVersion = "Xcode 3.2";
			developmentRegion = English;
			hasScannedForEncodings = 0;
			knownRegions = (
				en,
				Base,
			);
			mainGroup = CEDD54971CE05BAB00284988;
			productRefGroup = CEDD54A11CE05BAB00284988 /* Products */;
			projectDirPath = "";
			projectRoot = "";
			targets = (
				CEDD549F1CE05BAB00284988 /* test */,
			);
		};
/* End PBXProject section */

/* Begin PBXResourcesBuildPhase section */
		CEDD549E1CE05BAB00284988 /* Resources */ = {
			isa = PBXResourcesBuildPhase;
			buildActionMask = 2147483647;
			files = (
				CEDD54B31CE05BAB00284988 /* LaunchScreen.storyboard in Resources */,
				CEDD54B01CE05BAB00284988 /* Assets.xcassets in Resources */,
				CEDD54AE1CE05BAB00284988 /* Main.storyboard in Resources */,
			);
			runOnlyForDeploymentPostprocessing = 0;
		};
/* End PBXResourcesBuildPhase section */

/* Begin PBXSourcesBuildPhase section */
		CEDD549C1CE05BAB00284988 /* Sources */ = {
			isa = PBXSourcesBuildPhase;
			buildActionMask = 2147483647;
			files = (
				CEDD54AB1CE05BAB00284988 /* ViewController.m in Sources */,
				CEDD54A81CE05BAB00284988 /* AppDelegate.m in Sources */,
				CEDD54A51CE05BAB00284988 /* main.m in Sources */,
			);
			runOnlyForDeploymentPostprocessing = 0;
		};
/* End PBXSourcesBuildPhase section */

/* Begin PBXVariantGroup section */
		CEDD54AC1CE05BAB00284988 /* Main.storyboard */ = {
			isa = PBXVariantGroup;
			children = (
				CEDD54AD1CE05BAB00284988 /* Base */,
			);
			name = Main.storyboard;
			sourceTree = "<group>";
		};
		CEDD54B11CE05BAB00284988 /* LaunchScreen.storyboard */ = {
			isa = PBXVariantGroup;
			children = (
				CEDD54B21CE05BAB00284988 /* Base */,
			);
			name = LaunchScreen.storyboard;
			sourceTree = "<group>";
		};
/* End PBXVariantGroup section */

/* Begin XCBuildConfiguration section */
		CEDD54B51CE05BAB00284988 /* Debug */ = {
			isa = XCBuildConfiguration;
			buildSettings = {
				ALWAYS_SEARCH_USER_PATHS = NO;
				CLANG_ANALYZER_NONNULL = YES;
				CLANG_CXX_LANGUAGE_STANDARD = "gnu++0x";
				CLANG_CXX_LIBRARY = "libc++";
				CLANG_ENABLE_MODULES = YES;
				CLANG_ENABLE_OBJC_ARC = YES;
				CLANG_WARN_BOOL_CONVERSION = YES;
				CLANG_WARN_CONSTANT_CONVERSION = YES;
				CLANG_WARN_DIRECT_OBJC_ISA_USAGE = YES_ERROR;
				CLANG_WARN_EMPTY_BODY = YES;
				CLANG_WARN_ENUM_CONVERSION = YES;
				CLANG_WARN_INT_CONVERSION = YES;
				CLANG_WARN_OBJC_ROOT_CLASS = YES_ERROR;
				CLANG_WARN_UNREACHABLE_CODE = YES;
				CLANG_WARN__DUPLICATE_METHOD_MATCH = YES;
				"CODE_SIGN_IDENTITY[sdk=iphoneos*]" = "iPhone Developer";
				COPY_PHASE_STRIP = NO;
				DEBUG_INFORMATION_FORMAT = dwarf;
				ENABLE_STRICT_OBJC_MSGSEND = YES;
				ENABLE_TESTABILITY = YES;
				GCC_C_LANGUAGE_STANDARD = gnu99;
				GCC_DYNAMIC_NO_PIC = NO;
				GCC_NO_COMMON_BLOCKS = YES;
				GCC_OPTIMIZATION_LEVEL = 0;
				GCC_PREPROCESSOR_DEFINITIONS = (
					"DEBUG=1",
					"$(inherited)",
				);
				GCC_WARN_64_TO_32_BIT_CONVERSION = YES;
				GCC_WARN_ABOUT_RETURN_TYPE = YES_ERROR;
				GCC_WARN_UNDECLARED_SELECTOR = YES;
				GCC_WARN_UNINITIALIZED_AUTOS = YES_AGGRESSIVE;
				GCC_WARN_UNUSED_FUNCTION = YES;
				GCC_WARN_UNUSED_VARIABLE = YES;
				IPHONEOS_DEPLOYMENT_TARGET = 9.3;
				MTL_ENABLE_DEBUG_INFO = YES;
				ONLY_ACTIVE_ARCH = YES;
				SDKROOT = iphoneos;
				TARGETED_DEVICE_FAMILY = "1,2";
			};
			name = Debug;
		};
		CEDD54B61CE05BAB00284988 /* Release */ = {
			isa = XCBuildConfiguration;
			buildSettings = {
				ALWAYS_SEARCH_USER_PATHS = NO;
				CLANG_ANALYZER_NONNULL = YES;
				CLANG_CXX_LANGUAGE_STANDARD = "gnu++0x";
				CLANG_CXX_LIBRARY = "libc++";
				CLANG_ENABLE_MODULES = YES;
				CLANG_ENABLE_OBJC_ARC = YES;
				CLANG_WARN_BOOL_CONVERSION = YES;
				CLANG_WARN_CONSTANT_CONVERSION = YES;
				CLANG_WARN_DIRECT_OBJC_ISA_USAGE = YES_ERROR;
				CLANG_WARN_EMPTY_BODY = YES;
				CLANG_WARN_ENUM_CONVERSION = YES;
				CLANG_WARN_INT_CONVERSION = YES;
				CLANG_WARN_OBJC_ROOT_CLASS = YES_ERROR;
				CLANG_WARN_UNREACHABLE_CODE = YES;
				CLANG_WARN__DUPLICATE_METHOD_MATCH = YES;
				"CODE_SIGN_IDENTITY[sdk=iphoneos*]" = "iPhone Developer";
				COPY_PHASE_STRIP = NO;
				DEBUG_INFORMATION_FORMAT = "dwarf-with-dsym";
				ENABLE_NS_ASSERTIONS = NO;
				ENABLE_STRICT_OBJC_MSGSEND = YES;
				GCC_C_LANGUAGE_STANDARD = gnu99;
				GCC_NO_COMMON_BLOCKS = YES;
				GCC_WARN_64_TO_32_BIT_CONVERSION = YES;
				GCC_WARN_ABOUT_RETURN_TYPE = YES_ERROR;
				GCC_WARN_UNDECLARED_SELECTOR = YES;
				GCC_WARN_UNINITIALIZED_AUTOS = YES_AGGRESSIVE;
				GCC_WARN_UNUSED_FUNCTION = YES;
				GCC_WARN_UNUSED_VARIABLE = YES;
				IPHONEOS_DEPLOYMENT_TARGET = 9.3;
				MTL_ENABLE_DEBUG_INFO = NO;
				SDKROOT = iphoneos;
				TARGETED_DEVICE_FAMILY = "1,2";
				VALIDATE_PRODUCT = YES;
			};
			name = Release;
		};
		CEDD54B81CE05BAB00284988 /* Debug */ = {
			isa = XCBuildConfiguration;
			buildSettings = {
				ASSETCATALOG_COMPILER_APPICON_NAME = AppIcon;
				INFOPLIST_FILE = test/Info.plist;
				LD_RUNPATH_SEARCH_PATHS = "$(inherited) @executable_path/Frameworks";
				PRODUCT_BUNDLE_IDENTIFIER = ddddddd.test;
				PRODUCT_NAME = "$(TARGET_NAME)";
			};
			name = Debug;
		};
		CEDD54B91CE05BAB00284988 /* Release */ = {
			isa = XCBuildConfiguration;
			buildSettings = {
				ASSETCATALOG_COMPILER_APPICON_NAME = AppIcon;
				INFOPLIST_FILE = test/Info.plist;
				LD_RUNPATH_SEARCH_PATHS = "$(inherited) @executable_path/Frameworks";
				PRODUCT_BUNDLE_IDENTIFIER = ddddddd.test;
				PRODUCT_NAME = "$(TARGET_NAME)";
			};
			name = Release;
		};
/* End XCBuildConfiguration section */

/* Begin XCConfigurationList section */
		CEDD549B1CE05BAB00284988 /* Build configuration list for PBXProject "test" */ = {
			isa = XCConfigurationList;
			buildConfigurations = (
				CEDD54B51CE05BAB00284988 /* Debug */,
				CEDD54B61CE05BAB00284988 /* Release */,
			);
			defaultConfigurationIsVisible = 0;
			defaultConfigurationName = Release;
		};
		CEDD54B71CE05BAB00284988 /* Build configuration list for PBXNativeTarget "test" */ = {
			isa = XCConfigurationList;
			buildConfigurations = (
				CEDD54B81CE05BAB00284988 /* Debug */,
				CEDD54B91CE05BAB00284988 /* Release */,
			);
			defaultConfigurationIsVisible = 0;
		};
/* End XCConfigurationList section */
	};
	rootObject = CEDD54981CE05BAB00284988 /* Project object */;
}
