// !$*UTF8*$!
{
	archiveVersion = 1;
	classes = {
	};
	objectVersion = 46;
	objects = {

/* Begin PBXBuildFile section */
		CEF6220E1CE179DA00BDB693 /* main.m in Sources */ = {isa = PBXBuildFile; fileRef = CEF6220D1CE179DA00BDB693 /* main.m */; };
		CEF622161CE17A6E00BDB693 /* Calculation.m in Sources */ = {isa = PBXBuildFile; fileRef = CEF622151CE17A6E00BDB693 /* Calculation.m */; };
		CEF6222C1CE1D75D00BDB693 /* toolbox.m in Sources */ = {isa = PBXBuildFile; fileRef = CEF6222B1CE1D75D00BDB693 /* toolbox.m */; };
/* End PBXBuildFile section */

/* Begin PBXCopyFilesBuildPhase section */
		CEF622081CE179DA00BDB693 /* CopyFiles */ = {
			isa = PBXCopyFilesBuildPhase;
			buildActionMask = 2147483647;
			dstPath = /usr/share/man/man1/;
			dstSubfolderSpec = 0;
			files = (
			);
			runOnlyForDeploymentPostprocessing = 1;
		};
/* End PBXCopyFilesBuildPhase section */

/* Begin PBXFileReference section */
		CEF6220A1CE179DA00BDB693 /* 160510 */ = {isa = PBXFileReference; explicitFileType = "compiled.mach-o.executable"; includeInIndex = 0; path = 160510; sourceTree = BUILT_PRODUCTS_DIR; };
		CEF6220D1CE179DA00BDB693 /* main.m */ = {isa = PBXFileReference; lastKnownFileType = sourcecode.c.objc; path = main.m; sourceTree = "<group>"; };
		CEF622141CE17A6E00BDB693 /* Calculation.h */ = {isa = PBXFileReference; fileEncoding = 4; lastKnownFileType = sourcecode.c.h; path = Calculation.h; sourceTree = "<group>"; };
		CEF622151CE17A6E00BDB693 /* Calculation.m */ = {isa = PBXFileReference; fileEncoding = 4; lastKnownFileType = sourcecode.c.objc; path = Calculation.m; sourceTree = "<group>"; };
		CEF6222A1CE1D75D00BDB693 /* toolbox.h */ = {isa = PBXFileReference; fileEncoding = 4; lastKnownFileType = sourcecode.c.h; path = toolbox.h; sourceTree = "<group>"; };
		CEF6222B1CE1D75D00BDB693 /* toolbox.m */ = {isa = PBXFileReference; fileEncoding = 4; lastKnownFileType = sourcecode.c.objc; path = toolbox.m; sourceTree = "<group>"; };
/* End PBXFileReference section */

/* Begin PBXFrameworksBuildPhase section */
		CEF622071CE179DA00BDB693 /* Frameworks */ = {
			isa = PBXFrameworksBuildPhase;
			buildActionMask = 2147483647;
			files = (
			);
			runOnlyForDeploymentPostprocessing = 0;
		};
/* End PBXFrameworksBuildPhase section */

/* Begin PBXGroup section */
		CEF622011CE179DA00BDB693 = {
			isa = PBXGroup;
			children = (
				CEF6220C1CE179DA00BDB693 /* 160510 */,
				CEF6220B1CE179DA00BDB693 /* Products */,
			);
			sourceTree = "<group>";
		};
		CEF6220B1CE179DA00BDB693 /* Products */ = {
			isa = PBXGroup;
			children = (
				CEF6220A1CE179DA00BDB693 /* 160510 */,
			);
			name = Products;
			sourceTree = "<group>";
		};
		CEF6220C1CE179DA00BDB693 /* 160510 */ = {
			isa = PBXGroup;
			children = (
				CEF6220D1CE179DA00BDB693 /* main.m */,
				CEF622141CE17A6E00BDB693 /* Calculation.h */,
				CEF622151CE17A6E00BDB693 /* Calculation.m */,
				CEF6222A1CE1D75D00BDB693 /* toolbox.h */,
				CEF6222B1CE1D75D00BDB693 /* toolbox.m */,
			);
			path = 160510;
			sourceTree = "<group>";
		};
/* End PBXGroup section */

/* Begin PBXNativeTarget section */
		CEF622091CE179DA00BDB693 /* 160510 */ = {
			isa = PBXNativeTarget;
			buildConfigurationList = CEF622111CE179DA00BDB693 /* Build configuration list for PBXNativeTarget "160510" */;
			buildPhases = (
				CEF622061CE179DA00BDB693 /* Sources */,
				CEF622071CE179DA00BDB693 /* Frameworks */,
				CEF622081CE179DA00BDB693 /* CopyFiles */,
			);
			buildRules = (
			);
			dependencies = (
			);
			name = 160510;
			productName = 160510;
			productReference = CEF6220A1CE179DA00BDB693 /* 160510 */;
			productType = "com.apple.product-type.tool";
		};
/* End PBXNativeTarget section */

/* Begin PBXProject section */
		CEF622021CE179DA00BDB693 /* Project object */ = {
			isa = PBXProject;
			attributes = {
				LastUpgradeCheck = 0730;
				ORGANIZATIONNAME = Shin;
				TargetAttributes = {
					CEF622091CE179DA00BDB693 = {
						CreatedOnToolsVersion = 7.3;
					};
				};
			};
			buildConfigurationList = CEF622051CE179DA00BDB693 /* Build configuration list for PBXProject "160510" */;
			compatibilityVersion = "Xcode 3.2";
			developmentRegion = English;
			hasScannedForEncodings = 0;
			knownRegions = (
				en,
			);
			mainGroup = CEF622011CE179DA00BDB693;
			productRefGroup = CEF6220B1CE179DA00BDB693 /* Products */;
			projectDirPath = "";
			projectRoot = "";
			targets = (
				CEF622091CE179DA00BDB693 /* 160510 */,
			);
		};
/* End PBXProject section */

/* Begin PBXSourcesBuildPhase section */
		CEF622061CE179DA00BDB693 /* Sources */ = {
			isa = PBXSourcesBuildPhase;
			buildActionMask = 2147483647;
			files = (
				CEF6220E1CE179DA00BDB693 /* main.m in Sources */,
				CEF622161CE17A6E00BDB693 /* Calculation.m in Sources */,
				CEF6222C1CE1D75D00BDB693 /* toolbox.m in Sources */,
			);
			runOnlyForDeploymentPostprocessing = 0;
		};
/* End PBXSourcesBuildPhase section */

/* Begin XCBuildConfiguration section */
		CEF6220F1CE179DA00BDB693 /* Debug */ = {
			isa = XCBuildConfiguration;
			buildSettings = {
				ALWAYS_SEARCH_USER_PATHS = NO;
				CLANG_ANALYZER_NONNULL = YES;
				CLANG_CXX_LANGUAGE_STANDARD = "gnu++0x";
				CLANG_CXX_LIBRARY = "libc++";
				CLANG_ENABLE_MODULES = YES;
				CLANG_ENABLE_OBJC_ARC = YES;
				CLANG_WARN_BOOL_CONVERSION = YES;
				CLANG_WARN_CONSTANT_CONVERSION = YES;
				CLANG_WARN_DIRECT_OBJC_ISA_USAGE = YES_ERROR;
				CLANG_WARN_EMPTY_BODY = YES;
				CLANG_WARN_ENUM_CONVERSION = YES;
				CLANG_WARN_INT_CONVERSION = YES;
				CLANG_WARN_OBJC_ROOT_CLASS = YES_ERROR;
				CLANG_WARN_UNREACHABLE_CODE = YES;
				CLANG_WARN__DUPLICATE_METHOD_MATCH = YES;
				CODE_SIGN_IDENTITY = "-";
				COPY_PHASE_STRIP = NO;
				DEBUG_INFORMATION_FORMAT = dwarf;
				ENABLE_STRICT_OBJC_MSGSEND = YES;
				ENABLE_TESTABILITY = YES;
				GCC_C_LANGUAGE_STANDARD = gnu99;
				GCC_DYNAMIC_NO_PIC = NO;
				GCC_NO_COMMON_BLOCKS = YES;
				GCC_OPTIMIZATION_LEVEL = 0;
				GCC_PREPROCESSOR_DEFINITIONS = (
					"DEBUG=1",
					"$(inherited)",
				);
				GCC_WARN_64_TO_32_BIT_CONVERSION = YES;
				GCC_WARN_ABOUT_RETURN_TYPE = YES_ERROR;
				GCC_WARN_UNDECLARED_SELECTOR = YES;
				GCC_WARN_UNINITIALIZED_AUTOS = YES_AGGRESSIVE;
				GCC_WARN_UNUSED_FUNCTION = YES;
				GCC_WARN_UNUSED_VARIABLE = YES;
				MACOSX_DEPLOYMENT_TARGET = 10.11;
				MTL_ENABLE_DEBUG_INFO = YES;
				ONLY_ACTIVE_ARCH = YES;
				SDKROOT = macosx;
			};
			name = Debug;
		};
		CEF622101CE179DA00BDB693 /* Release */ = {
			isa = XCBuildConfiguration;
			buildSettings = {
				ALWAYS_SEARCH_USER_PATHS = NO;
				CLANG_ANALYZER_NONNULL = YES;
				CLANG_CXX_LANGUAGE_STANDARD = "gnu++0x";
				CLANG_CXX_LIBRARY = "libc++";
				CLANG_ENABLE_MODULES = YES;
				CLANG_ENABLE_OBJC_ARC = YES;
				CLANG_WARN_BOOL_CONVERSION = YES;
				CLANG_WARN_CONSTANT_CONVERSION = YES;
				CLANG_WARN_DIRECT_OBJC_ISA_USAGE = YES_ERROR;
				CLANG_WARN_EMPTY_BODY = YES;
				CLANG_WARN_ENUM_CONVERSION = YES;
				CLANG_WARN_INT_CONVERSION = YES;
				CLANG_WARN_OBJC_ROOT_CLASS = YES_ERROR;
				CLANG_WARN_UNREACHABLE_CODE = YES;
				CLANG_WARN__DUPLICATE_METHOD_MATCH = YES;
				CODE_SIGN_IDENTITY = "-";
				COPY_PHASE_STRIP = NO;
				DEBUG_INFORMATION_FORMAT = "dwarf-with-dsym";
				ENABLE_NS_ASSERTIONS = NO;
				ENABLE_STRICT_OBJC_MSGSEND = YES;
				GCC_C_LANGUAGE_STANDARD = gnu99;
				GCC_NO_COMMON_BLOCKS = YES;
				GCC_WARN_64_TO_32_BIT_CONVERSION = YES;
				GCC_WARN_ABOUT_RETURN_TYPE = YES_ERROR;
				GCC_WARN_UNDECLARED_SELECTOR = YES;
				GCC_WARN_UNINITIALIZED_AUTOS = YES_AGGRESSIVE;
				GCC_WARN_UNUSED_FUNCTION = YES;
				GCC_WARN_UNUSED_VARIABLE = YES;
				MACOSX_DEPLOYMENT_TARGET = 10.11;
				MTL_ENABLE_DEBUG_INFO = NO;
				SDKROOT = macosx;
			};
			name = Release;
		};
		CEF622121CE179DA00BDB693 /* Debug */ = {
			isa = XCBuildConfiguration;
			buildSettings = {
				PRODUCT_NAME = "$(TARGET_NAME)";
			};
			name = Debug;
		};
		CEF622131CE179DA00BDB693 /* Release */ = {
			isa = XCBuildConfiguration;
			buildSettings = {
				PRODUCT_NAME = "$(TARGET_NAME)";
			};
			name = Release;
		};
/* End XCBuildConfiguration section */

/* Begin XCConfigurationList section */
		CEF622051CE179DA00BDB693 /* Build configuration list for PBXProject "160510" */ = {
			isa = XCConfigurationList;
			buildConfigurations = (
				CEF6220F1CE179DA00BDB693 /* Debug */,
				CEF622101CE179DA00BDB693 /* Release */,
			);
			defaultConfigurationIsVisible = 0;
			defaultConfigurationName = Release;
		};
		CEF622111CE179DA00BDB693 /* Build configuration list for PBXNativeTarget "160510" */ = {
			isa = XCConfigurationList;
			buildConfigurations = (
				CEF622121CE179DA00BDB693 /* Debug */,
				CEF622131CE179DA00BDB693 /* Release */,
			);
			defaultConfigurationIsVisible = 0;
		};
/* End XCConfigurationList section */
	};
	rootObject = CEF622021CE179DA00BDB693 /* Project object */;
}
